// !$*UTF8*$!
{
	archiveVersion = 1;
	classes = {
	};
	objectVersion = 55;
	objects = {

/* Begin PBXBuildFile section */
		3D26CA9727D6023A007780E6 /* Extensions.swift in Sources */ = {isa = PBXBuildFile; fileRef = 3D26CA9627D6023A007780E6 /* Extensions.swift */; };
		3D6A54DE27BD7D610016AF78 /* AppDelegate.swift in Sources */ = {isa = PBXBuildFile; fileRef = 3D6A54DD27BD7D610016AF78 /* AppDelegate.swift */; };
		3D6A54E027BD7D610016AF78 /* SceneDelegate.swift in Sources */ = {isa = PBXBuildFile; fileRef = 3D6A54DF27BD7D610016AF78 /* SceneDelegate.swift */; };
		3D6A54E227BD7D610016AF78 /* ConversationsViewController.swift in Sources */ = {isa = PBXBuildFile; fileRef = 3D6A54E127BD7D610016AF78 /* ConversationsViewController.swift */; };
		3D6A54E527BD7D610016AF78 /* Main.storyboard in Resources */ = {isa = PBXBuildFile; fileRef = 3D6A54E327BD7D610016AF78 /* Main.storyboard */; };
		3D6A54E727BD7D630016AF78 /* Assets.xcassets in Resources */ = {isa = PBXBuildFile; fileRef = 3D6A54E627BD7D630016AF78 /* Assets.xcassets */; };
		3D6A54EA27BD7D630016AF78 /* LaunchScreen.storyboard in Resources */ = {isa = PBXBuildFile; fileRef = 3D6A54E827BD7D630016AF78 /* LaunchScreen.storyboard */; };
		3D6A54F827C3C7030016AF78 /* LoginViewController.swift in Sources */ = {isa = PBXBuildFile; fileRef = 3D6A54F727C3C7030016AF78 /* LoginViewController.swift */; };
		3D6A54FA27C3C7200016AF78 /* RegisterViewController.swift in Sources */ = {isa = PBXBuildFile; fileRef = 3D6A54F927C3C7200016AF78 /* RegisterViewController.swift */; };
		3D6A54FC27C3C74A0016AF78 /* PhotoViewerViewController.swift in Sources */ = {isa = PBXBuildFile; fileRef = 3D6A54FB27C3C74A0016AF78 /* PhotoViewerViewController.swift */; };
		3D6A54FE27C3C75B0016AF78 /* VideoPlayerViewController.swift in Sources */ = {isa = PBXBuildFile; fileRef = 3D6A54FD27C3C75B0016AF78 /* VideoPlayerViewController.swift */; };
		3D6A550027C3C7880016AF78 /* NewConversationViewController.swift in Sources */ = {isa = PBXBuildFile; fileRef = 3D6A54FF27C3C7880016AF78 /* NewConversationViewController.swift */; };
		3D6A550227C3C7AB0016AF78 /* ProfileViewController.swift in Sources */ = {isa = PBXBuildFile; fileRef = 3D6A550127C3C7AB0016AF78 /* ProfileViewController.swift */; };
		3DAC5A8F27D6943200753065 /* GoogleService-Info.plist in Resources */ = {isa = PBXBuildFile; fileRef = 3DAC5A8E27D6943200753065 /* GoogleService-Info.plist */; };
		8D3BAFD49364739BE663E538 /* Pods_Messenger.framework in Frameworks */ = {isa = PBXBuildFile; fileRef = 0298DDABBFCDB2927278D247 /* Pods_Messenger.framework */; };
/* End PBXBuildFile section */

/* Begin PBXFileReference section */
		0298DDABBFCDB2927278D247 /* Pods_Messenger.framework */ = {isa = PBXFileReference; explicitFileType = wrapper.framework; includeInIndex = 0; path = Pods_Messenger.framework; sourceTree = BUILT_PRODUCTS_DIR; };
		3D26CA9627D6023A007780E6 /* Extensions.swift */ = {isa = PBXFileReference; lastKnownFileType = sourcecode.swift; path = Extensions.swift; sourceTree = "<group>"; };
		3D6A54DA27BD7D610016AF78 /* Messenger.app */ = {isa = PBXFileReference; explicitFileType = wrapper.application; includeInIndex = 0; path = Messenger.app; sourceTree = BUILT_PRODUCTS_DIR; };
		3D6A54DD27BD7D610016AF78 /* AppDelegate.swift */ = {isa = PBXFileReference; lastKnownFileType = sourcecode.swift; path = AppDelegate.swift; sourceTree = "<group>"; };
		3D6A54DF27BD7D610016AF78 /* SceneDelegate.swift */ = {isa = PBXFileReference; lastKnownFileType = sourcecode.swift; path = SceneDelegate.swift; sourceTree = "<group>"; };
		3D6A54E127BD7D610016AF78 /* ConversationsViewController.swift */ = {isa = PBXFileReference; lastKnownFileType = sourcecode.swift; path = ConversationsViewController.swift; sourceTree = "<group>"; };
		3D6A54E427BD7D610016AF78 /* Base */ = {isa = PBXFileReference; lastKnownFileType = file.storyboard; name = Base; path = Base.lproj/Main.storyboard; sourceTree = "<group>"; };
		3D6A54E627BD7D630016AF78 /* Assets.xcassets */ = {isa = PBXFileReference; lastKnownFileType = folder.assetcatalog; path = Assets.xcassets; sourceTree = "<group>"; };
		3D6A54E927BD7D630016AF78 /* Base */ = {isa = PBXFileReference; lastKnownFileType = file.storyboard; name = Base; path = Base.lproj/LaunchScreen.storyboard; sourceTree = "<group>"; };
		3D6A54EB27BD7D630016AF78 /* Info.plist */ = {isa = PBXFileReference; lastKnownFileType = text.plist.xml; path = Info.plist; sourceTree = "<group>"; };
		3D6A54F727C3C7030016AF78 /* LoginViewController.swift */ = {isa = PBXFileReference; lastKnownFileType = sourcecode.swift; path = LoginViewController.swift; sourceTree = "<group>"; };
		3D6A54F927C3C7200016AF78 /* RegisterViewController.swift */ = {isa = PBXFileReference; lastKnownFileType = sourcecode.swift; path = RegisterViewController.swift; sourceTree = "<group>"; };
		3D6A54FB27C3C74A0016AF78 /* PhotoViewerViewController.swift */ = {isa = PBXFileReference; lastKnownFileType = sourcecode.swift; path = PhotoViewerViewController.swift; sourceTree = "<group>"; };
		3D6A54FD27C3C75B0016AF78 /* VideoPlayerViewController.swift */ = {isa = PBXFileReference; lastKnownFileType = sourcecode.swift; path = VideoPlayerViewController.swift; sourceTree = "<group>"; };
		3D6A54FF27C3C7880016AF78 /* NewConversationViewController.swift */ = {isa = PBXFileReference; lastKnownFileType = sourcecode.swift; path = NewConversationViewController.swift; sourceTree = "<group>"; };
		3D6A550127C3C7AB0016AF78 /* ProfileViewController.swift */ = {isa = PBXFileReference; lastKnownFileType = sourcecode.swift; path = ProfileViewController.swift; sourceTree = "<group>"; };
		3DAC5A8E27D6943200753065 /* GoogleService-Info.plist */ = {isa = PBXFileReference; fileEncoding = 4; lastKnownFileType = text.plist.xml; path = "GoogleService-Info.plist"; sourceTree = "<group>"; };
		7AD8DC2E7EA833D150E53A9D /* Pods-Messenger.release.xcconfig */ = {isa = PBXFileReference; includeInIndex = 1; lastKnownFileType = text.xcconfig; name = "Pods-Messenger.release.xcconfig"; path = "Target Support Files/Pods-Messenger/Pods-Messenger.release.xcconfig"; sourceTree = "<group>"; };
		BE0FE793B954FD42BAB260EF /* Pods-Messenger.debug.xcconfig */ = {isa = PBXFileReference; includeInIndex = 1; lastKnownFileType = text.xcconfig; name = "Pods-Messenger.debug.xcconfig"; path = "Target Support Files/Pods-Messenger/Pods-Messenger.debug.xcconfig"; sourceTree = "<group>"; };
/* End PBXFileReference section */

/* Begin PBXFrameworksBuildPhase section */
		3D6A54D727BD7D610016AF78 /* Frameworks */ = {
			isa = PBXFrameworksBuildPhase;
			buildActionMask = 2147483647;
			files = (
				8D3BAFD49364739BE663E538 /* Pods_Messenger.framework in Frameworks */,
			);
			runOnlyForDeploymentPostprocessing = 0;
		};
/* End PBXFrameworksBuildPhase section */

/* Begin PBXGroup section */
		3D6A54D127BD7D610016AF78 = {
			isa = PBXGroup;
			children = (
				3D6A54DC27BD7D610016AF78 /* Messenger */,
				3D6A54DB27BD7D610016AF78 /* Products */,
				ED07552943585685BDF3EC31 /* Pods */,
				6DD646D804C69F0E79CF5296 /* Frameworks */,
			);
			sourceTree = "<group>";
		};
		3D6A54DB27BD7D610016AF78 /* Products */ = {
			isa = PBXGroup;
			children = (
				3D6A54DA27BD7D610016AF78 /* Messenger.app */,
			);
			name = Products;
			sourceTree = "<group>";
		};
		3D6A54DC27BD7D610016AF78 /* Messenger */ = {
			isa = PBXGroup;
			children = (
				3DAC5A8E27D6943200753065 /* GoogleService-Info.plist */,
				3D6A54F527C396950016AF78 /* ViewModels */,
				3D6A54F427C396840016AF78 /* Resources */,
				3D6A54F327C3967D0016AF78 /* Models */,
				3D6A54F227C396720016AF78 /* Views */,
				3D6A54F127C396550016AF78 /* Controllers */,
				3D6A54EB27BD7D630016AF78 /* Info.plist */,
			);
			path = Messenger;
			sourceTree = "<group>";
		};
		3D6A54F127C396550016AF78 /* Controllers */ = {
			isa = PBXGroup;
			children = (
				3D6A54E127BD7D610016AF78 /* ConversationsViewController.swift */,
				3D6A550327C4D3DD0016AF78 /* Login */,
				3D6A54FB27C3C74A0016AF78 /* PhotoViewerViewController.swift */,
				3D6A54FD27C3C75B0016AF78 /* VideoPlayerViewController.swift */,
				3D6A54FF27C3C7880016AF78 /* NewConversationViewController.swift */,
				3D6A550127C3C7AB0016AF78 /* ProfileViewController.swift */,
			);
			path = Controllers;
			sourceTree = "<group>";
		};
		3D6A54F227C396720016AF78 /* Views */ = {
			isa = PBXGroup;
			children = (
				3D6A54F627C396C70016AF78 /* Storyboards */,
				3D6A54E627BD7D630016AF78 /* Assets.xcassets */,
			);
			path = Views;
			sourceTree = "<group>";
		};
		3D6A54F327C3967D0016AF78 /* Models */ = {
			isa = PBXGroup;
			children = (
			);
			path = Models;
			sourceTree = "<group>";
		};
		3D6A54F427C396840016AF78 /* Resources */ = {
			isa = PBXGroup;
			children = (
				3D6A54DD27BD7D610016AF78 /* AppDelegate.swift */,
				3D6A54DF27BD7D610016AF78 /* SceneDelegate.swift */,
				3D26CA9627D6023A007780E6 /* Extensions.swift */,
			);
			path = Resources;
			sourceTree = "<group>";
		};
		3D6A54F527C396950016AF78 /* ViewModels */ = {
			isa = PBXGroup;
			children = (
			);
			path = ViewModels;
			sourceTree = "<group>";
		};
		3D6A54F627C396C70016AF78 /* Storyboards */ = {
			isa = PBXGroup;
			children = (
				3D6A54E327BD7D610016AF78 /* Main.storyboard */,
				3D6A54E827BD7D630016AF78 /* LaunchScreen.storyboard */,
			);
			path = Storyboards;
			sourceTree = "<group>";
		};
		3D6A550327C4D3DD0016AF78 /* Login */ = {
			isa = PBXGroup;
			children = (
				3D6A54F727C3C7030016AF78 /* LoginViewController.swift */,
				3D6A54F927C3C7200016AF78 /* RegisterViewController.swift */,
			);
			path = Login;
			sourceTree = "<group>";
		};
		6DD646D804C69F0E79CF5296 /* Frameworks */ = {
			isa = PBXGroup;
			children = (
				0298DDABBFCDB2927278D247 /* Pods_Messenger.framework */,
			);
			name = Frameworks;
			sourceTree = "<group>";
		};
		ED07552943585685BDF3EC31 /* Pods */ = {
			isa = PBXGroup;
			children = (
				BE0FE793B954FD42BAB260EF /* Pods-Messenger.debug.xcconfig */,
				7AD8DC2E7EA833D150E53A9D /* Pods-Messenger.release.xcconfig */,
			);
			path = Pods;
			sourceTree = "<group>";
		};
/* End PBXGroup section */

/* Begin PBXNativeTarget section */
		3D6A54D927BD7D610016AF78 /* Messenger */ = {
			isa = PBXNativeTarget;
			buildConfigurationList = 3D6A54EE27BD7D630016AF78 /* Build configuration list for PBXNativeTarget "Messenger" */;
			buildPhases = (
				39081030FC6BC37B59FA492B /* [CP] Check Pods Manifest.lock */,
				3D6A54D627BD7D610016AF78 /* Sources */,
				3D6A54D727BD7D610016AF78 /* Frameworks */,
				3D6A54D827BD7D610016AF78 /* Resources */,
				2B61DD34C75123FCDE1BFC75 /* [CP] Embed Pods Frameworks */,
			);
			buildRules = (
			);
			dependencies = (
			);
			name = Messenger;
			productName = Messenger;
			productReference = 3D6A54DA27BD7D610016AF78 /* Messenger.app */;
			productType = "com.apple.product-type.application";
		};
/* End PBXNativeTarget section */

/* Begin PBXProject section */
		3D6A54D227BD7D610016AF78 /* Project object */ = {
			isa = PBXProject;
			attributes = {
				BuildIndependentTargetsInParallel = 1;
				LastSwiftUpdateCheck = 1320;
				LastUpgradeCheck = 1320;
				TargetAttributes = {
					3D6A54D927BD7D610016AF78 = {
						CreatedOnToolsVersion = 13.2;
					};
				};
			};
			buildConfigurationList = 3D6A54D527BD7D610016AF78 /* Build configuration list for PBXProject "Messenger" */;
			compatibilityVersion = "Xcode 13.0";
			developmentRegion = en;
			hasScannedForEncodings = 0;
			knownRegions = (
				en,
				Base,
			);
			mainGroup = 3D6A54D127BD7D610016AF78;
			productRefGroup = 3D6A54DB27BD7D610016AF78 /* Products */;
			projectDirPath = "";
			projectRoot = "";
			targets = (
				3D6A54D927BD7D610016AF78 /* Messenger */,
			);
		};
/* End PBXProject section */

/* Begin PBXResourcesBuildPhase section */
		3D6A54D827BD7D610016AF78 /* Resources */ = {
			isa = PBXResourcesBuildPhase;
			buildActionMask = 2147483647;
			files = (
				3D6A54EA27BD7D630016AF78 /* LaunchScreen.storyboard in Resources */,
				3DAC5A8F27D6943200753065 /* GoogleService-Info.plist in Resources */,
				3D6A54E727BD7D630016AF78 /* Assets.xcassets in Resources */,
				3D6A54E527BD7D610016AF78 /* Main.storyboard in Resources */,
			);
			runOnlyForDeploymentPostprocessing = 0;
		};
/* End PBXResourcesBuildPhase section */

/* Begin PBXShellScriptBuildPhase section */
		2B61DD34C75123FCDE1BFC75 /* [CP] Embed Pods Frameworks */ = {
			isa = PBXShellScriptBuildPhase;
			buildActionMask = 2147483647;
			files = (
			);
			inputFileListPaths = (
				"${PODS_ROOT}/Target Support Files/Pods-Messenger/Pods-Messenger-frameworks-${CONFIGURATION}-input-files.xcfilelist",
			);
			name = "[CP] Embed Pods Frameworks";
			outputFileListPaths = (
				"${PODS_ROOT}/Target Support Files/Pods-Messenger/Pods-Messenger-frameworks-${CONFIGURATION}-output-files.xcfilelist",
			);
			runOnlyForDeploymentPostprocessing = 0;
			shellPath = /bin/sh;
			shellScript = "\"${PODS_ROOT}/Target Support Files/Pods-Messenger/Pods-Messenger-frameworks.sh\"\n";
			showEnvVarsInLog = 0;
		};
		39081030FC6BC37B59FA492B /* [CP] Check Pods Manifest.lock */ = {
			isa = PBXShellScriptBuildPhase;
			buildActionMask = 2147483647;
			files = (
			);
			inputFileListPaths = (
			);
			inputPaths = (
				"${PODS_PODFILE_DIR_PATH}/Podfile.lock",
				"${PODS_ROOT}/Manifest.lock",
			);
			name = "[CP] Check Pods Manifest.lock";
			outputFileListPaths = (
			);
			outputPaths = (
				"$(DERIVED_FILE_DIR)/Pods-Messenger-checkManifestLockResult.txt",
			);
			runOnlyForDeploymentPostprocessing = 0;
			shellPath = /bin/sh;
			shellScript = "diff \"${PODS_PODFILE_DIR_PATH}/Podfile.lock\" \"${PODS_ROOT}/Manifest.lock\" > /dev/null\nif [ $? != 0 ] ; then\n    # print error to STDERR\n    echo \"error: The sandbox is not in sync with the Podfile.lock. Run 'pod install' or update your CocoaPods installation.\" >&2\n    exit 1\nfi\n# This output is used by Xcode 'outputs' to avoid re-running this script phase.\necho \"SUCCESS\" > \"${SCRIPT_OUTPUT_FILE_0}\"\n";
			showEnvVarsInLog = 0;
		};
/* End PBXShellScriptBuildPhase section */

/* Begin PBXSourcesBuildPhase section */
		3D6A54D627BD7D610016AF78 /* Sources */ = {
			isa = PBXSourcesBuildPhase;
			buildActionMask = 2147483647;
			files = (
				3D6A54F827C3C7030016AF78 /* LoginViewController.swift in Sources */,
				3D6A54FA27C3C7200016AF78 /* RegisterViewController.swift in Sources */,
				3D6A550027C3C7880016AF78 /* NewConversationViewController.swift in Sources */,
				3D6A54E227BD7D610016AF78 /* ConversationsViewController.swift in Sources */,
				3D6A54FE27C3C75B0016AF78 /* VideoPlayerViewController.swift in Sources */,
				3D26CA9727D6023A007780E6 /* Extensions.swift in Sources */,
				3D6A54DE27BD7D610016AF78 /* AppDelegate.swift in Sources */,
				3D6A550227C3C7AB0016AF78 /* ProfileViewController.swift in Sources */,
				3D6A54E027BD7D610016AF78 /* SceneDelegate.swift in Sources */,
				3D6A54FC27C3C74A0016AF78 /* PhotoViewerViewController.swift in Sources */,
			);
			runOnlyForDeploymentPostprocessing = 0;
		};
/* End PBXSourcesBuildPhase section */

/* Begin PBXVariantGroup section */
		3D6A54E327BD7D610016AF78 /* Main.storyboard */ = {
			isa = PBXVariantGroup;
			children = (
				3D6A54E427BD7D610016AF78 /* Base */,
			);
			name = Main.storyboard;
			sourceTree = "<group>";
		};
		3D6A54E827BD7D630016AF78 /* LaunchScreen.storyboard */ = {
			isa = PBXVariantGroup;
			children = (
				3D6A54E927BD7D630016AF78 /* Base */,
			);
			name = LaunchScreen.storyboard;
			sourceTree = "<group>";
		};
/* End PBXVariantGroup section */

/* Begin XCBuildConfiguration section */
		3D6A54EC27BD7D630016AF78 /* Debug */ = {
			isa = XCBuildConfiguration;
			buildSettings = {
				ALWAYS_SEARCH_USER_PATHS = NO;
				CLANG_ANALYZER_NONNULL = YES;
				CLANG_ANALYZER_NUMBER_OBJECT_CONVERSION = YES_AGGRESSIVE;
				CLANG_CXX_LANGUAGE_STANDARD = "gnu++17";
				CLANG_CXX_LIBRARY = "libc++";
				CLANG_ENABLE_MODULES = YES;
				CLANG_ENABLE_OBJC_ARC = YES;
				CLANG_ENABLE_OBJC_WEAK = YES;
				CLANG_WARN_BLOCK_CAPTURE_AUTORELEASING = YES;
				CLANG_WARN_BOOL_CONVERSION = YES;
				CLANG_WARN_COMMA = YES;
				CLANG_WARN_CONSTANT_CONVERSION = YES;
				CLANG_WARN_DEPRECATED_OBJC_IMPLEMENTATIONS = YES;
				CLANG_WARN_DIRECT_OBJC_ISA_USAGE = YES_ERROR;
				CLANG_WARN_DOCUMENTATION_COMMENTS = YES;
				CLANG_WARN_EMPTY_BODY = YES;
				CLANG_WARN_ENUM_CONVERSION = YES;
				CLANG_WARN_INFINITE_RECURSION = YES;
				CLANG_WARN_INT_CONVERSION = YES;
				CLANG_WARN_NON_LITERAL_NULL_CONVERSION = YES;
				CLANG_WARN_OBJC_IMPLICIT_RETAIN_SELF = YES;
				CLANG_WARN_OBJC_LITERAL_CONVERSION = YES;
				CLANG_WARN_OBJC_ROOT_CLASS = YES_ERROR;
				CLANG_WARN_QUOTED_INCLUDE_IN_FRAMEWORK_HEADER = YES;
				CLANG_WARN_RANGE_LOOP_ANALYSIS = YES;
				CLANG_WARN_STRICT_PROTOTYPES = YES;
				CLANG_WARN_SUSPICIOUS_MOVE = YES;
				CLANG_WARN_UNGUARDED_AVAILABILITY = YES_AGGRESSIVE;
				CLANG_WARN_UNREACHABLE_CODE = YES;
				CLANG_WARN__DUPLICATE_METHOD_MATCH = YES;
				COPY_PHASE_STRIP = NO;
				DEBUG_INFORMATION_FORMAT = dwarf;
				ENABLE_STRICT_OBJC_MSGSEND = YES;
				ENABLE_TESTABILITY = YES;
				GCC_C_LANGUAGE_STANDARD = gnu11;
				GCC_DYNAMIC_NO_PIC = NO;
				GCC_NO_COMMON_BLOCKS = YES;
				GCC_OPTIMIZATION_LEVEL = 0;
				GCC_PREPROCESSOR_DEFINITIONS = (
					"DEBUG=1",
					"$(inherited)",
				);
				GCC_WARN_64_TO_32_BIT_CONVERSION = YES;
				GCC_WARN_ABOUT_RETURN_TYPE = YES_ERROR;
				GCC_WARN_UNDECLARED_SELECTOR = YES;
				GCC_WARN_UNINITIALIZED_AUTOS = YES_AGGRESSIVE;
				GCC_WARN_UNUSED_FUNCTION = YES;
				GCC_WARN_UNUSED_VARIABLE = YES;
				IPHONEOS_DEPLOYMENT_TARGET = 15.2;
				MTL_ENABLE_DEBUG_INFO = INCLUDE_SOURCE;
				MTL_FAST_MATH = YES;
				ONLY_ACTIVE_ARCH = YES;
				SDKROOT = iphoneos;
				SWIFT_ACTIVE_COMPILATION_CONDITIONS = DEBUG;
				SWIFT_OPTIMIZATION_LEVEL = "-Onone";
			};
			name = Debug;
		};
		3D6A54ED27BD7D630016AF78 /* Release */ = {
			isa = XCBuildConfiguration;
			buildSettings = {
				ALWAYS_SEARCH_USER_PATHS = NO;
				CLANG_ANALYZER_NONNULL = YES;
				CLANG_ANALYZER_NUMBER_OBJECT_CONVERSION = YES_AGGRESSIVE;
				CLANG_CXX_LANGUAGE_STANDARD = "gnu++17";
				CLANG_CXX_LIBRARY = "libc++";
				CLANG_ENABLE_MODULES = YES;
				CLANG_ENABLE_OBJC_ARC = YES;
				CLANG_ENABLE_OBJC_WEAK = YES;
				CLANG_WARN_BLOCK_CAPTURE_AUTORELEASING = YES;
				CLANG_WARN_BOOL_CONVERSION = YES;
				CLANG_WARN_COMMA = YES;
				CLANG_WARN_CONSTANT_CONVERSION = YES;
				CLANG_WARN_DEPRECATED_OBJC_IMPLEMENTATIONS = YES;
				CLANG_WARN_DIRECT_OBJC_ISA_USAGE = YES_ERROR;
				CLANG_WARN_DOCUMENTATION_COMMENTS = YES;
				CLANG_WARN_EMPTY_BODY = YES;
				CLANG_WARN_ENUM_CONVERSION = YES;
				CLANG_WARN_INFINITE_RECURSION = YES;
				CLANG_WARN_INT_CONVERSION = YES;
				CLANG_WARN_NON_LITERAL_NULL_CONVERSION = YES;
				CLANG_WARN_OBJC_IMPLICIT_RETAIN_SELF = YES;
				CLANG_WARN_OBJC_LITERAL_CONVERSION = YES;
				CLANG_WARN_OBJC_ROOT_CLASS = YES_ERROR;
				CLANG_WARN_QUOTED_INCLUDE_IN_FRAMEWORK_HEADER = YES;
				CLANG_WARN_RANGE_LOOP_ANALYSIS = YES;
				CLANG_WARN_STRICT_PROTOTYPES = YES;
				CLANG_WARN_SUSPICIOUS_MOVE = YES;
				CLANG_WARN_UNGUARDED_AVAILABILITY = YES_AGGRESSIVE;
				CLANG_WARN_UNREACHABLE_CODE = YES;
				CLANG_WARN__DUPLICATE_METHOD_MATCH = YES;
				COPY_PHASE_STRIP = NO;
				DEBUG_INFORMATION_FORMAT = "dwarf-with-dsym";
				ENABLE_NS_ASSERTIONS = NO;
				ENABLE_STRICT_OBJC_MSGSEND = YES;
				GCC_C_LANGUAGE_STANDARD = gnu11;
				GCC_NO_COMMON_BLOCKS = YES;
				GCC_WARN_64_TO_32_BIT_CONVERSION = YES;
				GCC_WARN_ABOUT_RETURN_TYPE = YES_ERROR;
				GCC_WARN_UNDECLARED_SELECTOR = YES;
				GCC_WARN_UNINITIALIZED_AUTOS = YES_AGGRESSIVE;
				GCC_WARN_UNUSED_FUNCTION = YES;
				GCC_WARN_UNUSED_VARIABLE = YES;
				IPHONEOS_DEPLOYMENT_TARGET = 15.2;
				MTL_ENABLE_DEBUG_INFO = NO;
				MTL_FAST_MATH = YES;
				SDKROOT = iphoneos;
				SWIFT_COMPILATION_MODE = wholemodule;
				SWIFT_OPTIMIZATION_LEVEL = "-O";
				VALIDATE_PRODUCT = YES;
			};
			name = Release;
		};
		3D6A54EF27BD7D630016AF78 /* Debug */ = {
			isa = XCBuildConfiguration;
			baseConfigurationReference = BE0FE793B954FD42BAB260EF /* Pods-Messenger.debug.xcconfig */;
			buildSettings = {
				ASSETCATALOG_COMPILER_APPICON_NAME = AppIcon;
				ASSETCATALOG_COMPILER_GLOBAL_ACCENT_COLOR_NAME = AccentColor;
				CODE_SIGN_STYLE = Automatic;
				CURRENT_PROJECT_VERSION = 1;
				DEVELOPMENT_TEAM = UK96588ZD7;
				GENERATE_INFOPLIST_FILE = YES;
				INFOPLIST_FILE = Messenger/Info.plist;
				INFOPLIST_KEY_UIApplicationSupportsIndirectInputEvents = YES;
				INFOPLIST_KEY_UILaunchStoryboardName = LaunchScreen;
				INFOPLIST_KEY_UIMainStoryboardFile = Main;
				INFOPLIST_KEY_UISupportedInterfaceOrientations = UIInterfaceOrientationPortrait;
				INFOPLIST_KEY_UISupportedInterfaceOrientations_iPad = "UIInterfaceOrientationPortrait UIInterfaceOrientationPortraitUpsideDown UIInterfaceOrientationLandscapeLeft UIInterfaceOrientationLandscapeRight";
				INFOPLIST_KEY_UISupportedInterfaceOrientations_iPhone = "UIInterfaceOrientationPortrait UIInterfaceOrientationLandscapeLeft UIInterfaceOrientationLandscapeRight";
				IPHONEOS_DEPLOYMENT_TARGET = 13.5;
				LD_RUNPATH_SEARCH_PATHS = (
					"$(inherited)",
					"@executable_path/Frameworks",
				);
				MARKETING_VERSION = 1.0;
				PRODUCT_BUNDLE_IDENTIFIER = kryshe4ka.Messenger;
				PRODUCT_NAME = "$(TARGET_NAME)";
				SWIFT_EMIT_LOC_STRINGS = YES;
				SWIFT_VERSION = 5.0;
				TARGETED_DEVICE_FAMILY = "1,2";
			};
			name = Debug;
		};
		3D6A54F027BD7D630016AF78 /* Release */ = {
			isa = XCBuildConfiguration;
			baseConfigurationReference = 7AD8DC2E7EA833D150E53A9D /* Pods-Messenger.release.xcconfig */;
			buildSettings = {
				ASSETCATALOG_COMPILER_APPICON_NAME = AppIcon;
				ASSETCATALOG_COMPILER_GLOBAL_ACCENT_COLOR_NAME = AccentColor;
				CODE_SIGN_STYLE = Automatic;
				CURRENT_PROJECT_VERSION = 1;
				DEVELOPMENT_TEAM = UK96588ZD7;
				GENERATE_INFOPLIST_FILE = YES;
				INFOPLIST_FILE = Messenger/Info.plist;
				INFOPLIST_KEY_UIApplicationSupportsIndirectInputEvents = YES;
				INFOPLIST_KEY_UILaunchStoryboardName = LaunchScreen;
				INFOPLIST_KEY_UIMainStoryboardFile = Main;
				INFOPLIST_KEY_UISupportedInterfaceOrientations = UIInterfaceOrientationPortrait;
				INFOPLIST_KEY_UISupportedInterfaceOrientations_iPad = "UIInterfaceOrientationPortrait UIInterfaceOrientationPortraitUpsideDown UIInterfaceOrientationLandscapeLeft UIInterfaceOrientationLandscapeRight";
				INFOPLIST_KEY_UISupportedInterfaceOrientations_iPhone = "UIInterfaceOrientationPortrait UIInterfaceOrientationLandscapeLeft UIInterfaceOrientationLandscapeRight";
				IPHONEOS_DEPLOYMENT_TARGET = 13.5;
				LD_RUNPATH_SEARCH_PATHS = (
					"$(inherited)",
					"@executable_path/Frameworks",
				);
				MARKETING_VERSION = 1.0;
				PRODUCT_BUNDLE_IDENTIFIER = kryshe4ka.Messenger;
				PRODUCT_NAME = "$(TARGET_NAME)";
				SWIFT_EMIT_LOC_STRINGS = YES;
				SWIFT_VERSION = 5.0;
				TARGETED_DEVICE_FAMILY = "1,2";
			};
			name = Release;
		};
/* End XCBuildConfiguration section */

/* Begin XCConfigurationList section */
		3D6A54D527BD7D610016AF78 /* Build configuration list for PBXProject "Messenger" */ = {
			isa = XCConfigurationList;
			buildConfigurations = (
				3D6A54EC27BD7D630016AF78 /* Debug */,
				3D6A54ED27BD7D630016AF78 /* Release */,
			);
			defaultConfigurationIsVisible = 0;
			defaultConfigurationName = Release;
		};
		3D6A54EE27BD7D630016AF78 /* Build configuration list for PBXNativeTarget "Messenger" */ = {
			isa = XCConfigurationList;
			buildConfigurations = (
				3D6A54EF27BD7D630016AF78 /* Debug */,
				3D6A54F027BD7D630016AF78 /* Release */,
			);
			defaultConfigurationIsVisible = 0;
			defaultConfigurationName = Release;
		};
/* End XCConfigurationList section */
	};
	rootObject = 3D6A54D227BD7D610016AF78 /* Project object */;
}
